
Microsoft Visual Studio Solution File, Format Version 12.00
# Visual Studio 15
VisualStudioVersion = 15.0.28307.102
MinimumVisualStudioVersion = 10.0.40219.1
Project("{FAE04EC0-301F-11D3-BF4B-00C04F79EFBC}") = "BlackMagicBall8", "BlackMagicBall8\BlackMagicBall8.csproj", "{6EF34011-F3CE-4313-8BBE-B6AB9062A853}"
EndProject
Global
	GlobalSection(SolutionConfigurationPlatforms) = preSolution
		Debug|Any CPU = Debug|Any CPU
		Release|Any CPU = Release|Any CPU
	EndGlobalSection
	GlobalSection(ProjectConfigurationPlatforms) = postSolution
		{6EF34011-F3CE-4313-8BBE-B6AB9062A853}.Debug|Any CPU.ActiveCfg = Debug|Any CPU
		{6EF34011-F3CE-4313-8BBE-B6AB9062A853}.Debug|Any CPU.Build.0 = Debug|Any CPU
		{6EF34011-F3CE-4313-8BBE-B6AB9062A853}.Release|Any CPU.ActiveCfg = Release|Any CPU
		{6EF34011-F3CE-4313-8BBE-B6AB9062A853}.Release|Any CPU.Build.0 = Release|Any CPU
	EndGlobalSection
	GlobalSection(SolutionProperties) = preSolution
		HideSolutionNode = FALSE
	EndGlobalSection
	GlobalSection(ExtensibilityGlobals) = postSolution
		SolutionGuid = {7870864E-72ED-47CC-801A-8B26AEFF8DDC}
	EndGlobalSection
EndGlobal
